// !$*UTF8*$!
{
	archiveVersion = 1;
	classes = {
	};
	objectVersion = 56;
	objects = {

/* Begin PBXBuildFile section */
		8B443DE12BCF06E3005B5BAF /* TopTapView.swift in Sources */ = {isa = PBXBuildFile; fileRef = 8B443DE02BCF06E3005B5BAF /* TopTapView.swift */; };
		8B443DE32BCF06EE005B5BAF /* HealthTipView.swift in Sources */ = {isa = PBXBuildFile; fileRef = 8B443DE22BCF06EE005B5BAF /* HealthTipView.swift */; };
		8B54266D2BDCA13200B8DB25 /* ExercisesTabView.swift in Sources */ = {isa = PBXBuildFile; fileRef = 8B54266C2BDCA13200B8DB25 /* ExercisesTabView.swift */; };
		8B5426702BDCA48000B8DB25 /* ExercisesListView.swift in Sources */ = {isa = PBXBuildFile; fileRef = 8B54266F2BDCA48000B8DB25 /* ExercisesListView.swift */; };
		8B5426722BDCA4A200B8DB25 /* ExerciseDetailView.swift in Sources */ = {isa = PBXBuildFile; fileRef = 8B5426712BDCA4A200B8DB25 /* ExerciseDetailView.swift */; };
		8B5EF1EB2BCB15FA00BA49A8 /* FitAppApp.swift in Sources */ = {isa = PBXBuildFile; fileRef = 8B5EF1EA2BCB15FA00BA49A8 /* FitAppApp.swift */; };
		8B5EF1EF2BCB15FB00BA49A8 /* Assets.xcassets in Resources */ = {isa = PBXBuildFile; fileRef = 8B5EF1EE2BCB15FB00BA49A8 /* Assets.xcassets */; };
		8B5EF1F22BCB15FB00BA49A8 /* Preview Assets.xcassets in Resources */ = {isa = PBXBuildFile; fileRef = 8B5EF1F12BCB15FB00BA49A8 /* Preview Assets.xcassets */; };
		8B76D3552BCB75A6009C6BA6 /* onBoardingView.swift in Sources */ = {isa = PBXBuildFile; fileRef = 8B76D3542BCB75A6009C6BA6 /* onBoardingView.swift */; };
		8B76D3572BCB75DD009C6BA6 /* Launch Screen.storyboard in Resources */ = {isa = PBXBuildFile; fileRef = 8B76D3562BCB75DD009C6BA6 /* Launch Screen.storyboard */; };
		8B76D35D2BCB7687009C6BA6 /* Poppins-Light.ttf in Resources */ = {isa = PBXBuildFile; fileRef = 8B76D3582BCB7687009C6BA6 /* Poppins-Light.ttf */; };
		8B76D35E2BCB7687009C6BA6 /* Poppins-Regular.ttf in Resources */ = {isa = PBXBuildFile; fileRef = 8B76D3592BCB7687009C6BA6 /* Poppins-Regular.ttf */; };
		8B76D35F2BCB7687009C6BA6 /* Poppins-SemiBold.ttf in Resources */ = {isa = PBXBuildFile; fileRef = 8B76D35A2BCB7687009C6BA6 /* Poppins-SemiBold.ttf */; };
		8B76D3602BCB7687009C6BA6 /* Poppins-Bold.ttf in Resources */ = {isa = PBXBuildFile; fileRef = 8B76D35B2BCB7687009C6BA6 /* Poppins-Bold.ttf */; };
		8B76D3612BCB7687009C6BA6 /* Poppins-Medium.ttf in Resources */ = {isa = PBXBuildFile; fileRef = 8B76D35C2BCB7687009C6BA6 /* Poppins-Medium.ttf */; };
		8B76D3642BCB7703009C6BA6 /* UIExtensions.swift in Sources */ = {isa = PBXBuildFile; fileRef = 8B76D3632BCB7703009C6BA6 /* UIExtensions.swift */; };
		8B76D3662BCB951D009C6BA6 /* SignUpView.swift in Sources */ = {isa = PBXBuildFile; fileRef = 8B76D3652BCB951D009C6BA6 /* SignUpView.swift */; };
		8B76D3682BCB9BF1009C6BA6 /* MobileNumberView.swift in Sources */ = {isa = PBXBuildFile; fileRef = 8B76D3672BCB9BF1009C6BA6 /* MobileNumberView.swift */; };
		8B76D36A2BCB9E5E009C6BA6 /* OTPMessageView.swift in Sources */ = {isa = PBXBuildFile; fileRef = 8B76D3692BCB9E5E009C6BA6 /* OTPMessageView.swift */; };
		8B76D36C2BCCF45C009C6BA6 /* NameView.swift in Sources */ = {isa = PBXBuildFile; fileRef = 8B76D36B2BCCF45C009C6BA6 /* NameView.swift */; };
		8B76D36E2BCCF7D1009C6BA6 /* GoalView.swift in Sources */ = {isa = PBXBuildFile; fileRef = 8B76D36D2BCCF7D1009C6BA6 /* GoalView.swift */; };
		8B76D3712BCDB121009C6BA6 /* SettingsView.swift in Sources */ = {isa = PBXBuildFile; fileRef = 8B76D3702BCDB121009C6BA6 /* SettingsView.swift */; };
		8B76D3732BCDB12D009C6BA6 /* SettingRowView.swift in Sources */ = {isa = PBXBuildFile; fileRef = 8B76D3722BCDB12D009C6BA6 /* SettingRowView.swift */; };
		8B76D3752BCDB139009C6BA6 /* ProfileView.swift in Sources */ = {isa = PBXBuildFile; fileRef = 8B76D3742BCDB139009C6BA6 /* ProfileView.swift */; };
		8B76D3792BCE0E03009C6BA6 /* ReminderView.swift in Sources */ = {isa = PBXBuildFile; fileRef = 8B76D3782BCE0E03009C6BA6 /* ReminderView.swift */; };
		8B76D37B2BCE0E0F009C6BA6 /* NotificationsView.swift in Sources */ = {isa = PBXBuildFile; fileRef = 8B76D37A2BCE0E0F009C6BA6 /* NotificationsView.swift */; };
		8BD35AC22BEF31AC0094661A /* RoundDropDown.swift in Sources */ = {isa = PBXBuildFile; fileRef = 8BD35AC12BEF31AC0094661A /* RoundDropDown.swift */; };
		8BD35AC42BF07EDE0094661A /* WorkoutDetailView.swift in Sources */ = {isa = PBXBuildFile; fileRef = 8BD35AC32BF07EDE0094661A /* WorkoutDetailView.swift */; };
		8BD35AC62BF07EF80094661A /* WorkoutIntroductionView.swift in Sources */ = {isa = PBXBuildFile; fileRef = 8BD35AC52BF07EF80094661A /* WorkoutIntroductionView.swift */; };
		8BD35AC82BF07F110094661A /* WorkoutWeekDetailView.swift in Sources */ = {isa = PBXBuildFile; fileRef = 8BD35AC72BF07F110094661A /* WorkoutWeekDetailView.swift */; };
		8BD35ACA2BF07F210094661A /* WorkoutDayExercisesView.swift in Sources */ = {isa = PBXBuildFile; fileRef = 8BD35AC92BF07F210094661A /* WorkoutDayExercisesView.swift */; };
		8BD35ACC2BF080830094661A /* DefaultHeader.swift in Sources */ = {isa = PBXBuildFile; fileRef = 8BD35ACB2BF080830094661A /* DefaultHeader.swift */; };
		8BEACA382BE3067C00DCBBCC /* WorkoutPlanTabView.swift in Sources */ = {isa = PBXBuildFile; fileRef = 8BEACA372BE3067C00DCBBCC /* WorkoutPlanTabView.swift */; };
		8BEACA3A2BE3068900DCBBCC /* FindWorkoutPlanView.swift in Sources */ = {isa = PBXBuildFile; fileRef = 8BEACA392BE3068900DCBBCC /* FindWorkoutPlanView.swift */; };
		8BEACA3C2BE3069A00DCBBCC /* CreatePlanView.swift in Sources */ = {isa = PBXBuildFile; fileRef = 8BEACA3B2BE3069A00DCBBCC /* CreatePlanView.swift */; };
		8BEACA3E2BE3079500DCBBCC /* IconTitleSubtitleButton.swift in Sources */ = {isa = PBXBuildFile; fileRef = 8BEACA3D2BE3079500DCBBCC /* IconTitleSubtitleButton.swift */; };
		8BEACA402BE30A9A00DCBBCC /* SectionMoreButtonsView.swift in Sources */ = {isa = PBXBuildFile; fileRef = 8BEACA3F2BE30A9A00DCBBCC /* SectionMoreButtonsView.swift */; };
/* End PBXBuildFile section */

/* Begin PBXFileReference section */
		8B443DE02BCF06E3005B5BAF /* TopTapView.swift */ = {isa = PBXFileReference; lastKnownFileType = sourcecode.swift; path = TopTapView.swift; sourceTree = "<group>"; };
		8B443DE22BCF06EE005B5BAF /* HealthTipView.swift */ = {isa = PBXFileReference; lastKnownFileType = sourcecode.swift; path = HealthTipView.swift; sourceTree = "<group>"; };
		8B54266C2BDCA13200B8DB25 /* ExercisesTabView.swift */ = {isa = PBXFileReference; lastKnownFileType = sourcecode.swift; path = ExercisesTabView.swift; sourceTree = "<group>"; };
		8B54266F2BDCA48000B8DB25 /* ExercisesListView.swift */ = {isa = PBXFileReference; lastKnownFileType = sourcecode.swift; path = ExercisesListView.swift; sourceTree = "<group>"; };
		8B5426712BDCA4A200B8DB25 /* ExerciseDetailView.swift */ = {isa = PBXFileReference; lastKnownFileType = sourcecode.swift; path = ExerciseDetailView.swift; sourceTree = "<group>"; };
		8B5EF1E72BCB15FA00BA49A8 /* FitApp.app */ = {isa = PBXFileReference; explicitFileType = wrapper.application; includeInIndex = 0; path = FitApp.app; sourceTree = BUILT_PRODUCTS_DIR; };
		8B5EF1EA2BCB15FA00BA49A8 /* FitAppApp.swift */ = {isa = PBXFileReference; lastKnownFileType = sourcecode.swift; path = FitAppApp.swift; sourceTree = "<group>"; };
		8B5EF1EE2BCB15FB00BA49A8 /* Assets.xcassets */ = {isa = PBXFileReference; lastKnownFileType = folder.assetcatalog; path = Assets.xcassets; sourceTree = "<group>"; };
		8B5EF1F12BCB15FB00BA49A8 /* Preview Assets.xcassets */ = {isa = PBXFileReference; lastKnownFileType = folder.assetcatalog; path = "Preview Assets.xcassets"; sourceTree = "<group>"; };
		8B76D3542BCB75A6009C6BA6 /* onBoardingView.swift */ = {isa = PBXFileReference; lastKnownFileType = sourcecode.swift; path = onBoardingView.swift; sourceTree = "<group>"; };
		8B76D3562BCB75DD009C6BA6 /* Launch Screen.storyboard */ = {isa = PBXFileReference; lastKnownFileType = file.storyboard; path = "Launch Screen.storyboard"; sourceTree = "<group>"; };
		8B76D3582BCB7687009C6BA6 /* Poppins-Light.ttf */ = {isa = PBXFileReference; lastKnownFileType = file; path = "Poppins-Light.ttf"; sourceTree = "<group>"; };
		8B76D3592BCB7687009C6BA6 /* Poppins-Regular.ttf */ = {isa = PBXFileReference; lastKnownFileType = file; path = "Poppins-Regular.ttf"; sourceTree = "<group>"; };
		8B76D35A2BCB7687009C6BA6 /* Poppins-SemiBold.ttf */ = {isa = PBXFileReference; lastKnownFileType = file; path = "Poppins-SemiBold.ttf"; sourceTree = "<group>"; };
		8B76D35B2BCB7687009C6BA6 /* Poppins-Bold.ttf */ = {isa = PBXFileReference; lastKnownFileType = file; path = "Poppins-Bold.ttf"; sourceTree = "<group>"; };
		8B76D35C2BCB7687009C6BA6 /* Poppins-Medium.ttf */ = {isa = PBXFileReference; lastKnownFileType = file; path = "Poppins-Medium.ttf"; sourceTree = "<group>"; };
		8B76D3622BCB769E009C6BA6 /* Info.plist */ = {isa = PBXFileReference; lastKnownFileType = text.plist; path = Info.plist; sourceTree = "<group>"; };
		8B76D3632BCB7703009C6BA6 /* UIExtensions.swift */ = {isa = PBXFileReference; lastKnownFileType = sourcecode.swift; path = UIExtensions.swift; sourceTree = "<group>"; };
		8B76D3652BCB951D009C6BA6 /* SignUpView.swift */ = {isa = PBXFileReference; lastKnownFileType = sourcecode.swift; path = SignUpView.swift; sourceTree = "<group>"; };
		8B76D3672BCB9BF1009C6BA6 /* MobileNumberView.swift */ = {isa = PBXFileReference; lastKnownFileType = sourcecode.swift; path = MobileNumberView.swift; sourceTree = "<group>"; };
		8B76D3692BCB9E5E009C6BA6 /* OTPMessageView.swift */ = {isa = PBXFileReference; lastKnownFileType = sourcecode.swift; path = OTPMessageView.swift; sourceTree = "<group>"; };
		8B76D36B2BCCF45C009C6BA6 /* NameView.swift */ = {isa = PBXFileReference; lastKnownFileType = sourcecode.swift; path = NameView.swift; sourceTree = "<group>"; };
		8B76D36D2BCCF7D1009C6BA6 /* GoalView.swift */ = {isa = PBXFileReference; lastKnownFileType = sourcecode.swift; path = GoalView.swift; sourceTree = "<group>"; };
		8B76D3702BCDB121009C6BA6 /* SettingsView.swift */ = {isa = PBXFileReference; lastKnownFileType = sourcecode.swift; path = SettingsView.swift; sourceTree = "<group>"; };
		8B76D3722BCDB12D009C6BA6 /* SettingRowView.swift */ = {isa = PBXFileReference; lastKnownFileType = sourcecode.swift; path = SettingRowView.swift; sourceTree = "<group>"; };
		8B76D3742BCDB139009C6BA6 /* ProfileView.swift */ = {isa = PBXFileReference; lastKnownFileType = sourcecode.swift; path = ProfileView.swift; sourceTree = "<group>"; };
		8B76D3782BCE0E03009C6BA6 /* ReminderView.swift */ = {isa = PBXFileReference; lastKnownFileType = sourcecode.swift; path = ReminderView.swift; sourceTree = "<group>"; };
		8B76D37A2BCE0E0F009C6BA6 /* NotificationsView.swift */ = {isa = PBXFileReference; lastKnownFileType = sourcecode.swift; path = NotificationsView.swift; sourceTree = "<group>"; };
		8BD35AC12BEF31AC0094661A /* RoundDropDown.swift */ = {isa = PBXFileReference; lastKnownFileType = sourcecode.swift; path = RoundDropDown.swift; sourceTree = "<group>"; };
		8BD35AC32BF07EDE0094661A /* WorkoutDetailView.swift */ = {isa = PBXFileReference; lastKnownFileType = sourcecode.swift; path = WorkoutDetailView.swift; sourceTree = "<group>"; };
		8BD35AC52BF07EF80094661A /* WorkoutIntroductionView.swift */ = {isa = PBXFileReference; lastKnownFileType = sourcecode.swift; path = WorkoutIntroductionView.swift; sourceTree = "<group>"; };
		8BD35AC72BF07F110094661A /* WorkoutWeekDetailView.swift */ = {isa = PBXFileReference; lastKnownFileType = sourcecode.swift; path = WorkoutWeekDetailView.swift; sourceTree = "<group>"; };
		8BD35AC92BF07F210094661A /* WorkoutDayExercisesView.swift */ = {isa = PBXFileReference; lastKnownFileType = sourcecode.swift; path = WorkoutDayExercisesView.swift; sourceTree = "<group>"; };
		8BD35ACB2BF080830094661A /* DefaultHeader.swift */ = {isa = PBXFileReference; lastKnownFileType = sourcecode.swift; path = DefaultHeader.swift; sourceTree = "<group>"; };
		8BEACA372BE3067C00DCBBCC /* WorkoutPlanTabView.swift */ = {isa = PBXFileReference; lastKnownFileType = sourcecode.swift; path = WorkoutPlanTabView.swift; sourceTree = "<group>"; };
		8BEACA392BE3068900DCBBCC /* FindWorkoutPlanView.swift */ = {isa = PBXFileReference; lastKnownFileType = sourcecode.swift; path = FindWorkoutPlanView.swift; sourceTree = "<group>"; };
		8BEACA3B2BE3069A00DCBBCC /* CreatePlanView.swift */ = {isa = PBXFileReference; lastKnownFileType = sourcecode.swift; path = CreatePlanView.swift; sourceTree = "<group>"; };
		8BEACA3D2BE3079500DCBBCC /* IconTitleSubtitleButton.swift */ = {isa = PBXFileReference; lastKnownFileType = sourcecode.swift; path = IconTitleSubtitleButton.swift; sourceTree = "<group>"; };
		8BEACA3F2BE30A9A00DCBBCC /* SectionMoreButtonsView.swift */ = {isa = PBXFileReference; lastKnownFileType = sourcecode.swift; path = SectionMoreButtonsView.swift; sourceTree = "<group>"; };
/* End PBXFileReference section */

/* Begin PBXFrameworksBuildPhase section */
		8B5EF1E42BCB15FA00BA49A8 /* Frameworks */ = {
			isa = PBXFrameworksBuildPhase;
			buildActionMask = 2147483647;
			files = (
			);
			runOnlyForDeploymentPostprocessing = 0;
		};
/* End PBXFrameworksBuildPhase section */

/* Begin PBXGroup section */
		8B443DDF2BCF06BE005B5BAF /* TopTabView */ = {
			isa = PBXGroup;
			children = (
				8B54266E2BDCA44500B8DB25 /* WorkoutPlans */,
				8B54266B2BDCA11C00B8DB25 /* Exercises */,
				8B443DE42BCF06FB005B5BAF /* HealthTip */,
				8B443DE02BCF06E3005B5BAF /* TopTapView.swift */,
			);
			path = TopTabView;
			sourceTree = "<group>";
		};
		8B443DE42BCF06FB005B5BAF /* HealthTip */ = {
			isa = PBXGroup;
			children = (
				8B443DE22BCF06EE005B5BAF /* HealthTipView.swift */,
			);
			name = HealthTip;
			sourceTree = "<group>";
		};
		8B54266B2BDCA11C00B8DB25 /* Exercises */ = {
			isa = PBXGroup;
			children = (
				8B54266C2BDCA13200B8DB25 /* ExercisesTabView.swift */,
				8B54266F2BDCA48000B8DB25 /* ExercisesListView.swift */,
				8B5426712BDCA4A200B8DB25 /* ExerciseDetailView.swift */,
			);
			name = Exercises;
			sourceTree = "<group>";
		};
		8B54266E2BDCA44500B8DB25 /* WorkoutPlans */ = {
			isa = PBXGroup;
			children = (
				8BEACA3B2BE3069A00DCBBCC /* CreatePlanView.swift */,
				8BEACA392BE3068900DCBBCC /* FindWorkoutPlanView.swift */,
				8BEACA372BE3067C00DCBBCC /* WorkoutPlanTabView.swift */,
				8BD35AC32BF07EDE0094661A /* WorkoutDetailView.swift */,
				8BD35AC52BF07EF80094661A /* WorkoutIntroductionView.swift */,
				8BD35AC72BF07F110094661A /* WorkoutWeekDetailView.swift */,
				8BD35AC92BF07F210094661A /* WorkoutDayExercisesView.swift */,
			);
			name = WorkoutPlans;
			sourceTree = "<group>";
		};
		8B5EF1DE2BCB15FA00BA49A8 = {
			isa = PBXGroup;
			children = (
				8B5EF1E92BCB15FA00BA49A8 /* FitApp */,
				8B5EF1E82BCB15FA00BA49A8 /* Products */,
			);
			sourceTree = "<group>";
		};
		8B5EF1E82BCB15FA00BA49A8 /* Products */ = {
			isa = PBXGroup;
			children = (
				8B5EF1E72BCB15FA00BA49A8 /* FitApp.app */,
			);
			name = Products;
			sourceTree = "<group>";
		};
		8B5EF1E92BCB15FA00BA49A8 /* FitApp */ = {
			isa = PBXGroup;
			children = (
				8B76D3622BCB769E009C6BA6 /* Info.plist */,
				8B76D3512BCB7580009C6BA6 /* Views */,
				8B76D3502BCB757B009C6BA6 /* Model */,
				8B76D34F2BCB7571009C6BA6 /* ViewModel */,
				8B76D34E2BCB7568009C6BA6 /* UICommon */,
				8B76D34D2BCB755F009C6BA6 /* Common */,
				8B76D34C2BCB7558009C6BA6 /* Fonts */,
				8B5EF1EA2BCB15FA00BA49A8 /* FitAppApp.swift */,
				8B5EF1EE2BCB15FB00BA49A8 /* Assets.xcassets */,
				8B5EF1F02BCB15FB00BA49A8 /* Preview Content */,
				8B76D3562BCB75DD009C6BA6 /* Launch Screen.storyboard */,
			);
			path = FitApp;
			sourceTree = "<group>";
		};
		8B5EF1F02BCB15FB00BA49A8 /* Preview Content */ = {
			isa = PBXGroup;
			children = (
				8B5EF1F12BCB15FB00BA49A8 /* Preview Assets.xcassets */,
			);
			path = "Preview Content";
			sourceTree = "<group>";
		};
		8B76D34C2BCB7558009C6BA6 /* Fonts */ = {
			isa = PBXGroup;
			children = (
				8B76D35B2BCB7687009C6BA6 /* Poppins-Bold.ttf */,
				8B76D3582BCB7687009C6BA6 /* Poppins-Light.ttf */,
				8B76D35C2BCB7687009C6BA6 /* Poppins-Medium.ttf */,
				8B76D3592BCB7687009C6BA6 /* Poppins-Regular.ttf */,
				8B76D35A2BCB7687009C6BA6 /* Poppins-SemiBold.ttf */,
			);
			path = Fonts;
			sourceTree = "<group>";
		};
		8B76D34D2BCB755F009C6BA6 /* Common */ = {
			isa = PBXGroup;
			children = (
			);
			path = Common;
			sourceTree = "<group>";
		};
		8B76D34E2BCB7568009C6BA6 /* UICommon */ = {
			isa = PBXGroup;
			children = (
				8BEACA3F2BE30A9A00DCBBCC /* SectionMoreButtonsView.swift */,
				8B76D3632BCB7703009C6BA6 /* UIExtensions.swift */,
				8BEACA3D2BE3079500DCBBCC /* IconTitleSubtitleButton.swift */,
				8BD35AC12BEF31AC0094661A /* RoundDropDown.swift */,
				8BD35ACB2BF080830094661A /* DefaultHeader.swift */,
			);
			path = UICommon;
			sourceTree = "<group>";
		};
		8B76D34F2BCB7571009C6BA6 /* ViewModel */ = {
			isa = PBXGroup;
			children = (
			);
			path = ViewModel;
			sourceTree = "<group>";
		};
		8B76D3502BCB757B009C6BA6 /* Model */ = {
			isa = PBXGroup;
			children = (
			);
			path = Model;
			sourceTree = "<group>";
		};
		8B76D3512BCB7580009C6BA6 /* Views */ = {
			isa = PBXGroup;
			children = (
				8B76D3532BCB7590009C6BA6 /* Login */,
				8B76D3522BCB7589009C6BA6 /* Home */,
			);
			path = Views;
			sourceTree = "<group>";
		};
		8B76D3522BCB7589009C6BA6 /* Home */ = {
			isa = PBXGroup;
			children = (
				8B443DDF2BCF06BE005B5BAF /* TopTabView */,
				8B76D3772BCE0DF3009C6BA6 /* Notification */,
				8B76D3762BCE0DEC009C6BA6 /* Reminder */,
				8B76D36F2BCDB107009C6BA6 /* Setting */,
			);
			path = Home;
			sourceTree = "<group>";
		};
		8B76D3532BCB7590009C6BA6 /* Login */ = {
			isa = PBXGroup;
			children = (
				8B76D3542BCB75A6009C6BA6 /* onBoardingView.swift */,
				8B76D3652BCB951D009C6BA6 /* SignUpView.swift */,
				8B76D3672BCB9BF1009C6BA6 /* MobileNumberView.swift */,
				8B76D3692BCB9E5E009C6BA6 /* OTPMessageView.swift */,
				8B76D36B2BCCF45C009C6BA6 /* NameView.swift */,
				8B76D36D2BCCF7D1009C6BA6 /* GoalView.swift */,
			);
			path = Login;
			sourceTree = "<group>";
		};
		8B76D36F2BCDB107009C6BA6 /* Setting */ = {
			isa = PBXGroup;
			children = (
				8B76D3702BCDB121009C6BA6 /* SettingsView.swift */,
				8B76D3722BCDB12D009C6BA6 /* SettingRowView.swift */,
				8B76D3742BCDB139009C6BA6 /* ProfileView.swift */,
			);
			path = Setting;
			sourceTree = "<group>";
		};
		8B76D3762BCE0DEC009C6BA6 /* Reminder */ = {
			isa = PBXGroup;
			children = (
				8B76D3782BCE0E03009C6BA6 /* ReminderView.swift */,
			);
			path = Reminder;
			sourceTree = "<group>";
		};
		8B76D3772BCE0DF3009C6BA6 /* Notification */ = {
			isa = PBXGroup;
			children = (
				8B76D37A2BCE0E0F009C6BA6 /* NotificationsView.swift */,
			);
			path = Notification;
			sourceTree = "<group>";
		};
/* End PBXGroup section */

/* Begin PBXNativeTarget section */
		8B5EF1E62BCB15FA00BA49A8 /* FitApp */ = {
			isa = PBXNativeTarget;
			buildConfigurationList = 8B5EF1F52BCB15FB00BA49A8 /* Build configuration list for PBXNativeTarget "FitApp" */;
			buildPhases = (
				8B5EF1E32BCB15FA00BA49A8 /* Sources */,
				8B5EF1E42BCB15FA00BA49A8 /* Frameworks */,
				8B5EF1E52BCB15FA00BA49A8 /* Resources */,
			);
			buildRules = (
			);
			dependencies = (
			);
			name = FitApp;
			productName = FitApp;
			productReference = 8B5EF1E72BCB15FA00BA49A8 /* FitApp.app */;
			productType = "com.apple.product-type.application";
		};
/* End PBXNativeTarget section */

/* Begin PBXProject section */
		8B5EF1DF2BCB15FA00BA49A8 /* Project object */ = {
			isa = PBXProject;
			attributes = {
				BuildIndependentTargetsInParallel = 1;
				LastSwiftUpdateCheck = 1530;
				LastUpgradeCheck = 1530;
				TargetAttributes = {
					8B5EF1E62BCB15FA00BA49A8 = {
						CreatedOnToolsVersion = 15.3;
					};
				};
			};
			buildConfigurationList = 8B5EF1E22BCB15FA00BA49A8 /* Build configuration list for PBXProject "FitApp" */;
			compatibilityVersion = "Xcode 14.0";
			developmentRegion = en;
			hasScannedForEncodings = 0;
			knownRegions = (
				en,
				Base,
			);
			mainGroup = 8B5EF1DE2BCB15FA00BA49A8;
			productRefGroup = 8B5EF1E82BCB15FA00BA49A8 /* Products */;
			projectDirPath = "";
			projectRoot = "";
			targets = (
				8B5EF1E62BCB15FA00BA49A8 /* FitApp */,
			);
		};
/* End PBXProject section */

/* Begin PBXResourcesBuildPhase section */
		8B5EF1E52BCB15FA00BA49A8 /* Resources */ = {
			isa = PBXResourcesBuildPhase;
			buildActionMask = 2147483647;
			files = (
				8B76D3572BCB75DD009C6BA6 /* Launch Screen.storyboard in Resources */,
				8B5EF1F22BCB15FB00BA49A8 /* Preview Assets.xcassets in Resources */,
				8B76D3602BCB7687009C6BA6 /* Poppins-Bold.ttf in Resources */,
				8B5EF1EF2BCB15FB00BA49A8 /* Assets.xcassets in Resources */,
				8B76D35F2BCB7687009C6BA6 /* Poppins-SemiBold.ttf in Resources */,
				8B76D3612BCB7687009C6BA6 /* Poppins-Medium.ttf in Resources */,
				8B76D35D2BCB7687009C6BA6 /* Poppins-Light.ttf in Resources */,
				8B76D35E2BCB7687009C6BA6 /* Poppins-Regular.ttf in Resources */,
			);
			runOnlyForDeploymentPostprocessing = 0;
		};
/* End PBXResourcesBuildPhase section */

/* Begin PBXSourcesBuildPhase section */
		8B5EF1E32BCB15FA00BA49A8 /* Sources */ = {
			isa = PBXSourcesBuildPhase;
			buildActionMask = 2147483647;
			files = (
				8B76D36A2BCB9E5E009C6BA6 /* OTPMessageView.swift in Sources */,
				8B5426722BDCA4A200B8DB25 /* ExerciseDetailView.swift in Sources */,
				8B76D3682BCB9BF1009C6BA6 /* MobileNumberView.swift in Sources */,
				8B76D3792BCE0E03009C6BA6 /* ReminderView.swift in Sources */,
				8B76D36C2BCCF45C009C6BA6 /* NameView.swift in Sources */,
				8BEACA3C2BE3069A00DCBBCC /* CreatePlanView.swift in Sources */,
				8B5426702BDCA48000B8DB25 /* ExercisesListView.swift in Sources */,
				8B54266D2BDCA13200B8DB25 /* ExercisesTabView.swift in Sources */,
				8B76D3712BCDB121009C6BA6 /* SettingsView.swift in Sources */,
				8B76D3732BCDB12D009C6BA6 /* SettingRowView.swift in Sources */,
				8BD35AC42BF07EDE0094661A /* WorkoutDetailView.swift in Sources */,
				8B443DE32BCF06EE005B5BAF /* HealthTipView.swift in Sources */,
				8BD35ACC2BF080830094661A /* DefaultHeader.swift in Sources */,
				8B76D3662BCB951D009C6BA6 /* SignUpView.swift in Sources */,
				8B76D3642BCB7703009C6BA6 /* UIExtensions.swift in Sources */,
				8BEACA402BE30A9A00DCBBCC /* SectionMoreButtonsView.swift in Sources */,
				8BEACA382BE3067C00DCBBCC /* WorkoutPlanTabView.swift in Sources */,
				8B443DE12BCF06E3005B5BAF /* TopTapView.swift in Sources */,
				8BEACA3A2BE3068900DCBBCC /* FindWorkoutPlanView.swift in Sources */,
				8B5EF1EB2BCB15FA00BA49A8 /* FitAppApp.swift in Sources */,
				8BD35ACA2BF07F210094661A /* WorkoutDayExercisesView.swift in Sources */,
				8BD35AC82BF07F110094661A /* WorkoutWeekDetailView.swift in Sources */,
				8B76D3552BCB75A6009C6BA6 /* onBoardingView.swift in Sources */,
				8BD35AC22BEF31AC0094661A /* RoundDropDown.swift in Sources */,
				8B76D37B2BCE0E0F009C6BA6 /* NotificationsView.swift in Sources */,
				8BD35AC62BF07EF80094661A /* WorkoutIntroductionView.swift in Sources */,
				8BEACA3E2BE3079500DCBBCC /* IconTitleSubtitleButton.swift in Sources */,
				8B76D3752BCDB139009C6BA6 /* ProfileView.swift in Sources */,
				8B76D36E2BCCF7D1009C6BA6 /* GoalView.swift in Sources */,
			);
			runOnlyForDeploymentPostprocessing = 0;
		};
/* End PBXSourcesBuildPhase section */

/* Begin XCBuildConfiguration section */
		8B5EF1F32BCB15FB00BA49A8 /* Debug */ = {
			isa = XCBuildConfiguration;
			buildSettings = {
				ALWAYS_SEARCH_USER_PATHS = NO;
				ASSETCATALOG_COMPILER_GENERATE_SWIFT_ASSET_SYMBOL_EXTENSIONS = YES;
				CLANG_ANALYZER_NONNULL = YES;
				CLANG_ANALYZER_NUMBER_OBJECT_CONVERSION = YES_AGGRESSIVE;
				CLANG_CXX_LANGUAGE_STANDARD = "gnu++20";
				CLANG_ENABLE_MODULES = YES;
				CLANG_ENABLE_OBJC_ARC = YES;
				CLANG_ENABLE_OBJC_WEAK = YES;
				CLANG_WARN_BLOCK_CAPTURE_AUTORELEASING = YES;
				CLANG_WARN_BOOL_CONVERSION = YES;
				CLANG_WARN_COMMA = YES;
				CLANG_WARN_CONSTANT_CONVERSION = YES;
				CLANG_WARN_DEPRECATED_OBJC_IMPLEMENTATIONS = YES;
				CLANG_WARN_DIRECT_OBJC_ISA_USAGE = YES_ERROR;
				CLANG_WARN_DOCUMENTATION_COMMENTS = YES;
				CLANG_WARN_EMPTY_BODY = YES;
				CLANG_WARN_ENUM_CONVERSION = YES;
				CLANG_WARN_INFINITE_RECURSION = YES;
				CLANG_WARN_INT_CONVERSION = YES;
				CLANG_WARN_NON_LITERAL_NULL_CONVERSION = YES;
				CLANG_WARN_OBJC_IMPLICIT_RETAIN_SELF = YES;
				CLANG_WARN_OBJC_LITERAL_CONVERSION = YES;
				CLANG_WARN_OBJC_ROOT_CLASS = YES_ERROR;
				CLANG_WARN_QUOTED_INCLUDE_IN_FRAMEWORK_HEADER = YES;
				CLANG_WARN_RANGE_LOOP_ANALYSIS = YES;
				CLANG_WARN_STRICT_PROTOTYPES = YES;
				CLANG_WARN_SUSPICIOUS_MOVE = YES;
				CLANG_WARN_UNGUARDED_AVAILABILITY = YES_AGGRESSIVE;
				CLANG_WARN_UNREACHABLE_CODE = YES;
				CLANG_WARN__DUPLICATE_METHOD_MATCH = YES;
				COPY_PHASE_STRIP = NO;
				DEBUG_INFORMATION_FORMAT = dwarf;
				ENABLE_STRICT_OBJC_MSGSEND = YES;
				ENABLE_TESTABILITY = YES;
				ENABLE_USER_SCRIPT_SANDBOXING = YES;
				GCC_C_LANGUAGE_STANDARD = gnu17;
				GCC_DYNAMIC_NO_PIC = NO;
				GCC_NO_COMMON_BLOCKS = YES;
				GCC_OPTIMIZATION_LEVEL = 0;
				GCC_PREPROCESSOR_DEFINITIONS = (
					"DEBUG=1",
					"$(inherited)",
				);
				GCC_WARN_64_TO_32_BIT_CONVERSION = YES;
				GCC_WARN_ABOUT_RETURN_TYPE = YES_ERROR;
				GCC_WARN_UNDECLARED_SELECTOR = YES;
				GCC_WARN_UNINITIALIZED_AUTOS = YES_AGGRESSIVE;
				GCC_WARN_UNUSED_FUNCTION = YES;
				GCC_WARN_UNUSED_VARIABLE = YES;
				IPHONEOS_DEPLOYMENT_TARGET = 17.4;
				LOCALIZATION_PREFERS_STRING_CATALOGS = YES;
				MTL_ENABLE_DEBUG_INFO = INCLUDE_SOURCE;
				MTL_FAST_MATH = YES;
				ONLY_ACTIVE_ARCH = YES;
				SDKROOT = iphoneos;
				SWIFT_ACTIVE_COMPILATION_CONDITIONS = "DEBUG $(inherited)";
				SWIFT_OPTIMIZATION_LEVEL = "-Onone";
			};
			name = Debug;
		};
		8B5EF1F42BCB15FB00BA49A8 /* Release */ = {
			isa = XCBuildConfiguration;
			buildSettings = {
				ALWAYS_SEARCH_USER_PATHS = NO;
				ASSETCATALOG_COMPILER_GENERATE_SWIFT_ASSET_SYMBOL_EXTENSIONS = YES;
				CLANG_ANALYZER_NONNULL = YES;
				CLANG_ANALYZER_NUMBER_OBJECT_CONVERSION = YES_AGGRESSIVE;
				CLANG_CXX_LANGUAGE_STANDARD = "gnu++20";
				CLANG_ENABLE_MODULES = YES;
				CLANG_ENABLE_OBJC_ARC = YES;
				CLANG_ENABLE_OBJC_WEAK = YES;
				CLANG_WARN_BLOCK_CAPTURE_AUTORELEASING = YES;
				CLANG_WARN_BOOL_CONVERSION = YES;
				CLANG_WARN_COMMA = YES;
				CLANG_WARN_CONSTANT_CONVERSION = YES;
				CLANG_WARN_DEPRECATED_OBJC_IMPLEMENTATIONS = YES;
				CLANG_WARN_DIRECT_OBJC_ISA_USAGE = YES_ERROR;
				CLANG_WARN_DOCUMENTATION_COMMENTS = YES;
				CLANG_WARN_EMPTY_BODY = YES;
				CLANG_WARN_ENUM_CONVERSION = YES;
				CLANG_WARN_INFINITE_RECURSION = YES;
				CLANG_WARN_INT_CONVERSION = YES;
				CLANG_WARN_NON_LITERAL_NULL_CONVERSION = YES;
				CLANG_WARN_OBJC_IMPLICIT_RETAIN_SELF = YES;
				CLANG_WARN_OBJC_LITERAL_CONVERSION = YES;
				CLANG_WARN_OBJC_ROOT_CLASS = YES_ERROR;
				CLANG_WARN_QUOTED_INCLUDE_IN_FRAMEWORK_HEADER = YES;
				CLANG_WARN_RANGE_LOOP_ANALYSIS = YES;
				CLANG_WARN_STRICT_PROTOTYPES = YES;
				CLANG_WARN_SUSPICIOUS_MOVE = YES;
				CLANG_WARN_UNGUARDED_AVAILABILITY = YES_AGGRESSIVE;
				CLANG_WARN_UNREACHABLE_CODE = YES;
				CLANG_WARN__DUPLICATE_METHOD_MATCH = YES;
				COPY_PHASE_STRIP = NO;
				DEBUG_INFORMATION_FORMAT = "dwarf-with-dsym";
				ENABLE_NS_ASSERTIONS = NO;
				ENABLE_STRICT_OBJC_MSGSEND = YES;
				ENABLE_USER_SCRIPT_SANDBOXING = YES;
				GCC_C_LANGUAGE_STANDARD = gnu17;
				GCC_NO_COMMON_BLOCKS = YES;
				GCC_WARN_64_TO_32_BIT_CONVERSION = YES;
				GCC_WARN_ABOUT_RETURN_TYPE = YES_ERROR;
				GCC_WARN_UNDECLARED_SELECTOR = YES;
				GCC_WARN_UNINITIALIZED_AUTOS = YES_AGGRESSIVE;
				GCC_WARN_UNUSED_FUNCTION = YES;
				GCC_WARN_UNUSED_VARIABLE = YES;
				IPHONEOS_DEPLOYMENT_TARGET = 17.4;
				LOCALIZATION_PREFERS_STRING_CATALOGS = YES;
				MTL_ENABLE_DEBUG_INFO = NO;
				MTL_FAST_MATH = YES;
				SDKROOT = iphoneos;
				SWIFT_COMPILATION_MODE = wholemodule;
				VALIDATE_PRODUCT = YES;
			};
			name = Release;
		};
		8B5EF1F62BCB15FB00BA49A8 /* Debug */ = {
			isa = XCBuildConfiguration;
			buildSettings = {
				ASSETCATALOG_COMPILER_APPICON_NAME = AppIcon;
				ASSETCATALOG_COMPILER_GLOBAL_ACCENT_COLOR_NAME = AccentColor;
				CODE_SIGN_STYLE = Automatic;
				CURRENT_PROJECT_VERSION = 1;
				DEVELOPMENT_ASSET_PATHS = "\"FitApp/Preview Content\"";
				DEVELOPMENT_TEAM = TX65264J97;
				ENABLE_PREVIEWS = YES;
				GENERATE_INFOPLIST_FILE = YES;
				INFOPLIST_FILE = FitApp/Info.plist;
				INFOPLIST_KEY_UIApplicationSceneManifest_Generation = YES;
				INFOPLIST_KEY_UIApplicationSupportsIndirectInputEvents = YES;
				INFOPLIST_KEY_UILaunchScreen_Generation = YES;
				INFOPLIST_KEY_UILaunchStoryboardName = "Launch Screen.storyboard";
				INFOPLIST_KEY_UISupportedInterfaceOrientations = UIInterfaceOrientationPortrait;
				IPHONEOS_DEPLOYMENT_TARGET = 15.0;
				LD_RUNPATH_SEARCH_PATHS = (
					"$(inherited)",
					"@executable_path/Frameworks",
				);
				MARKETING_VERSION = 1.0;
				PRODUCT_BUNDLE_IDENTIFIER = com.maurzac.FitApp;
				PRODUCT_NAME = "$(TARGET_NAME)";
				SWIFT_EMIT_LOC_STRINGS = YES;
				SWIFT_VERSION = 5.0;
				TARGETED_DEVICE_FAMILY = "1,2";
			};
			name = Debug;
		};
		8B5EF1F72BCB15FB00BA49A8 /* Release */ = {
			isa = XCBuildConfiguration;
			buildSettings = {
				ASSETCATALOG_COMPILER_APPICON_NAME = AppIcon;
				ASSETCATALOG_COMPILER_GLOBAL_ACCENT_COLOR_NAME = AccentColor;
				CODE_SIGN_STYLE = Automatic;
				CURRENT_PROJECT_VERSION = 1;
				DEVELOPMENT_ASSET_PATHS = "\"FitApp/Preview Content\"";
				DEVELOPMENT_TEAM = TX65264J97;
				ENABLE_PREVIEWS = YES;
				GENERATE_INFOPLIST_FILE = YES;
				INFOPLIST_FILE = FitApp/Info.plist;
				INFOPLIST_KEY_UIApplicationSceneManifest_Generation = YES;
				INFOPLIST_KEY_UIApplicationSupportsIndirectInputEvents = YES;
				INFOPLIST_KEY_UILaunchScreen_Generation = YES;
				INFOPLIST_KEY_UILaunchStoryboardName = "Launch Screen.storyboard";
				INFOPLIST_KEY_UISupportedInterfaceOrientations = UIInterfaceOrientationPortrait;
				IPHONEOS_DEPLOYMENT_TARGET = 15.0;
				LD_RUNPATH_SEARCH_PATHS = (
					"$(inherited)",
					"@executable_path/Frameworks",
				);
				MARKETING_VERSION = 1.0;
				PRODUCT_BUNDLE_IDENTIFIER = com.maurzac.FitApp;
				PRODUCT_NAME = "$(TARGET_NAME)";
				SWIFT_EMIT_LOC_STRINGS = YES;
				SWIFT_VERSION = 5.0;
				TARGETED_DEVICE_FAMILY = "1,2";
			};
			name = Release;
		};
/* End XCBuildConfiguration section */

/* Begin XCConfigurationList section */
		8B5EF1E22BCB15FA00BA49A8 /* Build configuration list for PBXProject "FitApp" */ = {
			isa = XCConfigurationList;
			buildConfigurations = (
				8B5EF1F32BCB15FB00BA49A8 /* Debug */,
				8B5EF1F42BCB15FB00BA49A8 /* Release */,
			);
			defaultConfigurationIsVisible = 0;
			defaultConfigurationName = Release;
		};
		8B5EF1F52BCB15FB00BA49A8 /* Build configuration list for PBXNativeTarget "FitApp" */ = {
			isa = XCConfigurationList;
			buildConfigurations = (
				8B5EF1F62BCB15FB00BA49A8 /* Debug */,
				8B5EF1F72BCB15FB00BA49A8 /* Release */,
			);
			defaultConfigurationIsVisible = 0;
			defaultConfigurationName = Release;
		};
/* End XCConfigurationList section */
	};
	rootObject = 8B5EF1DF2BCB15FA00BA49A8 /* Project object */;
}
